
Microsoft Visual Studio Solution File, Format Version 12.00
# Visual Studio Version 16
VisualStudioVersion = 16.0.31205.134
MinimumVisualStudioVersion = 10.0.40219.1
Project("{FAE04EC0-301F-11D3-BF4B-00C04F79EFBC}") = "CovidTracking", "CovidTracking.csproj", "{81E6C37D-7F7C-4774-B359-CDC5B23CE4D1}"
EndProject
Global
	GlobalSection(SolutionConfigurationPlatforms) = preSolution
		Debug|Any CPU = Debug|Any CPU
		Release|Any CPU = Release|Any CPU
	EndGlobalSection
	GlobalSection(ProjectConfigurationPlatforms) = postSolution
		{81E6C37D-7F7C-4774-B359-CDC5B23CE4D1}.Debug|Any CPU.ActiveCfg = Debug|Any CPU
		{81E6C37D-7F7C-4774-B359-CDC5B23CE4D1}.Debug|Any CPU.Build.0 = Debug|Any CPU
		{81E6C37D-7F7C-4774-B359-CDC5B23CE4D1}.Release|Any CPU.ActiveCfg = Release|Any CPU
		{81E6C37D-7F7C-4774-B359-CDC5B23CE4D1}.Release|Any CPU.Build.0 = Release|Any CPU
	EndGlobalSection
	GlobalSection(SolutionProperties) = preSolution
		HideSolutionNode = FALSE
	EndGlobalSection
	GlobalSection(ExtensibilityGlobals) = postSolution
		SolutionGuid = {B8CA0B19-4282-4001-B25B-036DE39E7A19}
	EndGlobalSection
EndGlobal
